// !$*UTF8*$!
{
	archiveVersion = 1;
	classes = {
	};
	objectVersion = 56;
	objects = {

/* Begin PBXBuildFile section */
		1EAF6AB02BCA9E6F0095BC52 /* BigBangTheoryApp.swift in Sources */ = {isa = PBXBuildFile; fileRef = 1EAF6AAF2BCA9E6F0095BC52 /* BigBangTheoryApp.swift */; };
		1EAF6AB22BCA9E6F0095BC52 /* ContentView.swift in Sources */ = {isa = PBXBuildFile; fileRef = 1EAF6AB12BCA9E6F0095BC52 /* ContentView.swift */; };
		1EAF6AB42BCA9E700095BC52 /* Assets.xcassets in Resources */ = {isa = PBXBuildFile; fileRef = 1EAF6AB32BCA9E700095BC52 /* Assets.xcassets */; };
		1EAF6AB72BCA9E700095BC52 /* Preview Assets.xcassets in Resources */ = {isa = PBXBuildFile; fileRef = 1EAF6AB62BCA9E700095BC52 /* Preview Assets.xcassets */; };
		1EAF6AC12BCA9E700095BC52 /* BigBangTheoryTests.swift in Sources */ = {isa = PBXBuildFile; fileRef = 1EAF6AC02BCA9E700095BC52 /* BigBangTheoryTests.swift */; };
		1EAF6ACB2BCA9E700095BC52 /* BigBangTheoryUITests.swift in Sources */ = {isa = PBXBuildFile; fileRef = 1EAF6ACA2BCA9E700095BC52 /* BigBangTheoryUITests.swift */; };
		1EAF6ACD2BCA9E700095BC52 /* BigBangTheoryUITestsLaunchTests.swift in Sources */ = {isa = PBXBuildFile; fileRef = 1EAF6ACC2BCA9E700095BC52 /* BigBangTheoryUITestsLaunchTests.swift */; };
/* End PBXBuildFile section */

/* Begin PBXContainerItemProxy section */
		1EAF6ABD2BCA9E700095BC52 /* PBXContainerItemProxy */ = {
			isa = PBXContainerItemProxy;
			containerPortal = 1EAF6AA42BCA9E6F0095BC52 /* Project object */;
			proxyType = 1;
			remoteGlobalIDString = 1EAF6AAB2BCA9E6F0095BC52;
			remoteInfo = BigBangTheory;
		};
		1EAF6AC72BCA9E700095BC52 /* PBXContainerItemProxy */ = {
			isa = PBXContainerItemProxy;
			containerPortal = 1EAF6AA42BCA9E6F0095BC52 /* Project object */;
			proxyType = 1;
			remoteGlobalIDString = 1EAF6AAB2BCA9E6F0095BC52;
			remoteInfo = BigBangTheory;
		};
/* End PBXContainerItemProxy section */

/* Begin PBXFileReference section */
		1EAF6AAC2BCA9E6F0095BC52 /* BigBangTheory.app */ = {isa = PBXFileReference; explicitFileType = wrapper.application; includeInIndex = 0; path = BigBangTheory.app; sourceTree = BUILT_PRODUCTS_DIR; };
		1EAF6AAF2BCA9E6F0095BC52 /* BigBangTheoryApp.swift */ = {isa = PBXFileReference; lastKnownFileType = sourcecode.swift; path = BigBangTheoryApp.swift; sourceTree = "<group>"; };
		1EAF6AB12BCA9E6F0095BC52 /* ContentView.swift */ = {isa = PBXFileReference; lastKnownFileType = sourcecode.swift; path = ContentView.swift; sourceTree = "<group>"; };
		1EAF6AB32BCA9E700095BC52 /* Assets.xcassets */ = {isa = PBXFileReference; lastKnownFileType = folder.assetcatalog; path = Assets.xcassets; sourceTree = "<group>"; };
		1EAF6AB62BCA9E700095BC52 /* Preview Assets.xcassets */ = {isa = PBXFileReference; lastKnownFileType = folder.assetcatalog; path = "Preview Assets.xcassets"; sourceTree = "<group>"; };
		1EAF6ABC2BCA9E700095BC52 /* BigBangTheoryTests.xctest */ = {isa = PBXFileReference; explicitFileType = wrapper.cfbundle; includeInIndex = 0; path = BigBangTheoryTests.xctest; sourceTree = BUILT_PRODUCTS_DIR; };
		1EAF6AC02BCA9E700095BC52 /* BigBangTheoryTests.swift */ = {isa = PBXFileReference; lastKnownFileType = sourcecode.swift; path = BigBangTheoryTests.swift; sourceTree = "<group>"; };
		1EAF6AC62BCA9E700095BC52 /* BigBangTheoryUITests.xctest */ = {isa = PBXFileReference; explicitFileType = wrapper.cfbundle; includeInIndex = 0; path = BigBangTheoryUITests.xctest; sourceTree = BUILT_PRODUCTS_DIR; };
		1EAF6ACA2BCA9E700095BC52 /* BigBangTheoryUITests.swift */ = {isa = PBXFileReference; lastKnownFileType = sourcecode.swift; path = BigBangTheoryUITests.swift; sourceTree = "<group>"; };
		1EAF6ACC2BCA9E700095BC52 /* BigBangTheoryUITestsLaunchTests.swift */ = {isa = PBXFileReference; lastKnownFileType = sourcecode.swift; path = BigBangTheoryUITestsLaunchTests.swift; sourceTree = "<group>"; };
/* End PBXFileReference section */

/* Begin PBXFrameworksBuildPhase section */
		1EAF6AA92BCA9E6F0095BC52 /* Frameworks */ = {
			isa = PBXFrameworksBuildPhase;
			buildActionMask = 2147483647;
			files = (
			);
			runOnlyForDeploymentPostprocessing = 0;
		};
		1EAF6AB92BCA9E700095BC52 /* Frameworks */ = {
			isa = PBXFrameworksBuildPhase;
			buildActionMask = 2147483647;
			files = (
			);
			runOnlyForDeploymentPostprocessing = 0;
		};
		1EAF6AC32BCA9E700095BC52 /* Frameworks */ = {
			isa = PBXFrameworksBuildPhase;
			buildActionMask = 2147483647;
			files = (
			);
			runOnlyForDeploymentPostprocessing = 0;
		};
/* End PBXFrameworksBuildPhase section */

/* Begin PBXGroup section */
		1EAF6AA32BCA9E6F0095BC52 = {
			isa = PBXGroup;
			children = (
				1EAF6AAE2BCA9E6F0095BC52 /* BigBangTheory */,
				1EAF6ABF2BCA9E700095BC52 /* BigBangTheoryTests */,
				1EAF6AC92BCA9E700095BC52 /* BigBangTheoryUITests */,
				1EAF6AAD2BCA9E6F0095BC52 /* Products */,
			);
			sourceTree = "<group>";
		};
		1EAF6AAD2BCA9E6F0095BC52 /* Products */ = {
			isa = PBXGroup;
			children = (
				1EAF6AAC2BCA9E6F0095BC52 /* BigBangTheory.app */,
				1EAF6ABC2BCA9E700095BC52 /* BigBangTheoryTests.xctest */,
				1EAF6AC62BCA9E700095BC52 /* BigBangTheoryUITests.xctest */,
			);
			name = Products;
			sourceTree = "<group>";
		};
		1EAF6AAE2BCA9E6F0095BC52 /* BigBangTheory */ = {
			isa = PBXGroup;
			children = (
				1EAF6AAF2BCA9E6F0095BC52 /* BigBangTheoryApp.swift */,
				1EAF6AB12BCA9E6F0095BC52 /* ContentView.swift */,
				1EAF6AB32BCA9E700095BC52 /* Assets.xcassets */,
				1EAF6AB52BCA9E700095BC52 /* Preview Content */,
			);
			path = BigBangTheory;
			sourceTree = "<group>";
		};
		1EAF6AB52BCA9E700095BC52 /* Preview Content */ = {
			isa = PBXGroup;
			children = (
				1EAF6AB62BCA9E700095BC52 /* Preview Assets.xcassets */,
			);
			path = "Preview Content";
			sourceTree = "<group>";
		};
		1EAF6ABF2BCA9E700095BC52 /* BigBangTheoryTests */ = {
			isa = PBXGroup;
			children = (
				1EAF6AC02BCA9E700095BC52 /* BigBangTheoryTests.swift */,
			);
			path = BigBangTheoryTests;
			sourceTree = "<group>";
		};
		1EAF6AC92BCA9E700095BC52 /* BigBangTheoryUITests */ = {
			isa = PBXGroup;
			children = (
				1EAF6ACA2BCA9E700095BC52 /* BigBangTheoryUITests.swift */,
				1EAF6ACC2BCA9E700095BC52 /* BigBangTheoryUITestsLaunchTests.swift */,
			);
			path = BigBangTheoryUITests;
			sourceTree = "<group>";
		};
/* End PBXGroup section */

/* Begin PBXNativeTarget section */
		1EAF6AAB2BCA9E6F0095BC52 /* BigBangTheory */ = {
			isa = PBXNativeTarget;
			buildConfigurationList = 1EAF6AD02BCA9E700095BC52 /* Build configuration list for PBXNativeTarget "BigBangTheory" */;
			buildPhases = (
				1EAF6AA82BCA9E6F0095BC52 /* Sources */,
				1EAF6AA92BCA9E6F0095BC52 /* Frameworks */,
				1EAF6AAA2BCA9E6F0095BC52 /* Resources */,
			);
			buildRules = (
			);
			dependencies = (
			);
			name = BigBangTheory;
			productName = BigBangTheory;
			productReference = 1EAF6AAC2BCA9E6F0095BC52 /* BigBangTheory.app */;
			productType = "com.apple.product-type.application";
		};
		1EAF6ABB2BCA9E700095BC52 /* BigBangTheoryTests */ = {
			isa = PBXNativeTarget;
			buildConfigurationList = 1EAF6AD32BCA9E700095BC52 /* Build configuration list for PBXNativeTarget "BigBangTheoryTests" */;
			buildPhases = (
				1EAF6AB82BCA9E700095BC52 /* Sources */,
				1EAF6AB92BCA9E700095BC52 /* Frameworks */,
				1EAF6ABA2BCA9E700095BC52 /* Resources */,
			);
			buildRules = (
			);
			dependencies = (
				1EAF6ABE2BCA9E700095BC52 /* PBXTargetDependency */,
			);
			name = BigBangTheoryTests;
			productName = BigBangTheoryTests;
			productReference = 1EAF6ABC2BCA9E700095BC52 /* BigBangTheoryTests.xctest */;
			productType = "com.apple.product-type.bundle.unit-test";
		};
		1EAF6AC52BCA9E700095BC52 /* BigBangTheoryUITests */ = {
			isa = PBXNativeTarget;
			buildConfigurationList = 1EAF6AD62BCA9E700095BC52 /* Build configuration list for PBXNativeTarget "BigBangTheoryUITests" */;
			buildPhases = (
				1EAF6AC22BCA9E700095BC52 /* Sources */,
				1EAF6AC32BCA9E700095BC52 /* Frameworks */,
				1EAF6AC42BCA9E700095BC52 /* Resources */,
			);
			buildRules = (
			);
			dependencies = (
				1EAF6AC82BCA9E700095BC52 /* PBXTargetDependency */,
			);
			name = BigBangTheoryUITests;
			productName = BigBangTheoryUITests;
			productReference = 1EAF6AC62BCA9E700095BC52 /* BigBangTheoryUITests.xctest */;
			productType = "com.apple.product-type.bundle.ui-testing";
		};
/* End PBXNativeTarget section */

/* Begin PBXProject section */
		1EAF6AA42BCA9E6F0095BC52 /* Project object */ = {
			isa = PBXProject;
			attributes = {
				BuildIndependentTargetsInParallel = 1;
				LastSwiftUpdateCheck = 1530;
				LastUpgradeCheck = 1530;
				TargetAttributes = {
					1EAF6AAB2BCA9E6F0095BC52 = {
						CreatedOnToolsVersion = 15.3;
					};
					1EAF6ABB2BCA9E700095BC52 = {
						CreatedOnToolsVersion = 15.3;
						TestTargetID = 1EAF6AAB2BCA9E6F0095BC52;
					};
					1EAF6AC52BCA9E700095BC52 = {
						CreatedOnToolsVersion = 15.3;
						TestTargetID = 1EAF6AAB2BCA9E6F0095BC52;
					};
				};
			};
			buildConfigurationList = 1EAF6AA72BCA9E6F0095BC52 /* Build configuration list for PBXProject "BigBangTheory" */;
			compatibilityVersion = "Xcode 14.0";
			developmentRegion = en;
			hasScannedForEncodings = 0;
			knownRegions = (
				en,
				Base,
			);
			mainGroup = 1EAF6AA32BCA9E6F0095BC52;
			productRefGroup = 1EAF6AAD2BCA9E6F0095BC52 /* Products */;
			projectDirPath = "";
			projectRoot = "";
			targets = (
				1EAF6AAB2BCA9E6F0095BC52 /* BigBangTheory */,
				1EAF6ABB2BCA9E700095BC52 /* BigBangTheoryTests */,
				1EAF6AC52BCA9E700095BC52 /* BigBangTheoryUITests */,
			);
		};
/* End PBXProject section */

/* Begin PBXResourcesBuildPhase section */
		1EAF6AAA2BCA9E6F0095BC52 /* Resources */ = {
			isa = PBXResourcesBuildPhase;
			buildActionMask = 2147483647;
			files = (
				1EAF6AB72BCA9E700095BC52 /* Preview Assets.xcassets in Resources */,
				1EAF6AB42BCA9E700095BC52 /* Assets.xcassets in Resources */,
			);
			runOnlyForDeploymentPostprocessing = 0;
		};
		1EAF6ABA2BCA9E700095BC52 /* Resources */ = {
			isa = PBXResourcesBuildPhase;
			buildActionMask = 2147483647;
			files = (
			);
			runOnlyForDeploymentPostprocessing = 0;
		};
		1EAF6AC42BCA9E700095BC52 /* Resources */ = {
			isa = PBXResourcesBuildPhase;
			buildActionMask = 2147483647;
			files = (
			);
			runOnlyForDeploymentPostprocessing = 0;
		};
/* End PBXResourcesBuildPhase section */

/* Begin PBXSourcesBuildPhase section */
		1EAF6AA82BCA9E6F0095BC52 /* Sources */ = {
			isa = PBXSourcesBuildPhase;
			buildActionMask = 2147483647;
			files = (
				1EAF6AB22BCA9E6F0095BC52 /* ContentView.swift in Sources */,
				1EAF6AB02BCA9E6F0095BC52 /* BigBangTheoryApp.swift in Sources */,
			);
			runOnlyForDeploymentPostprocessing = 0;
		};
		1EAF6AB82BCA9E700095BC52 /* Sources */ = {
			isa = PBXSourcesBuildPhase;
			buildActionMask = 2147483647;
			files = (
				1EAF6AC12BCA9E700095BC52 /* BigBangTheoryTests.swift in Sources */,
			);
			runOnlyForDeploymentPostprocessing = 0;
		};
		1EAF6AC22BCA9E700095BC52 /* Sources */ = {
			isa = PBXSourcesBuildPhase;
			buildActionMask = 2147483647;
			files = (
				1EAF6ACD2BCA9E700095BC52 /* BigBangTheoryUITestsLaunchTests.swift in Sources */,
				1EAF6ACB2BCA9E700095BC52 /* BigBangTheoryUITests.swift in Sources */,
			);
			runOnlyForDeploymentPostprocessing = 0;
		};
/* End PBXSourcesBuildPhase section */

/* Begin PBXTargetDependency section */
		1EAF6ABE2BCA9E700095BC52 /* PBXTargetDependency */ = {
			isa = PBXTargetDependency;
			target = 1EAF6AAB2BCA9E6F0095BC52 /* BigBangTheory */;
			targetProxy = 1EAF6ABD2BCA9E700095BC52 /* PBXContainerItemProxy */;
		};
		1EAF6AC82BCA9E700095BC52 /* PBXTargetDependency */ = {
			isa = PBXTargetDependency;
			target = 1EAF6AAB2BCA9E6F0095BC52 /* BigBangTheory */;
			targetProxy = 1EAF6AC72BCA9E700095BC52 /* PBXContainerItemProxy */;
		};
/* End PBXTargetDependency section */

/* Begin XCBuildConfiguration section */
		1EAF6ACE2BCA9E700095BC52 /* Debug */ = {
			isa = XCBuildConfiguration;
			buildSettings = {
				ALWAYS_SEARCH_USER_PATHS = NO;
				ASSETCATALOG_COMPILER_GENERATE_SWIFT_ASSET_SYMBOL_EXTENSIONS = YES;
				CLANG_ANALYZER_NONNULL = YES;
				CLANG_ANALYZER_NUMBER_OBJECT_CONVERSION = YES_AGGRESSIVE;
				CLANG_CXX_LANGUAGE_STANDARD = "gnu++20";
				CLANG_ENABLE_MODULES = YES;
				CLANG_ENABLE_OBJC_ARC = YES;
				CLANG_ENABLE_OBJC_WEAK = YES;
				CLANG_WARN_BLOCK_CAPTURE_AUTORELEASING = YES;
				CLANG_WARN_BOOL_CONVERSION = YES;
				CLANG_WARN_COMMA = YES;
				CLANG_WARN_CONSTANT_CONVERSION = YES;
				CLANG_WARN_DEPRECATED_OBJC_IMPLEMENTATIONS = YES;
				CLANG_WARN_DIRECT_OBJC_ISA_USAGE = YES_ERROR;
				CLANG_WARN_DOCUMENTATION_COMMENTS = YES;
				CLANG_WARN_EMPTY_BODY = YES;
				CLANG_WARN_ENUM_CONVERSION = YES;
				CLANG_WARN_INFINITE_RECURSION = YES;
				CLANG_WARN_INT_CONVERSION = YES;
				CLANG_WARN_NON_LITERAL_NULL_CONVERSION = YES;
				CLANG_WARN_OBJC_IMPLICIT_RETAIN_SELF = YES;
				CLANG_WARN_OBJC_LITERAL_CONVERSION = YES;
				CLANG_WARN_OBJC_ROOT_CLASS = YES_ERROR;
				CLANG_WARN_QUOTED_INCLUDE_IN_FRAMEWORK_HEADER = YES;
				CLANG_WARN_RANGE_LOOP_ANALYSIS = YES;
				CLANG_WARN_STRICT_PROTOTYPES = YES;
				CLANG_WARN_SUSPICIOUS_MOVE = YES;
				CLANG_WARN_UNGUARDED_AVAILABILITY = YES_AGGRESSIVE;
				CLANG_WARN_UNREACHABLE_CODE = YES;
				CLANG_WARN__DUPLICATE_METHOD_MATCH = YES;
				COPY_PHASE_STRIP = NO;
				DEBUG_INFORMATION_FORMAT = dwarf;
				ENABLE_STRICT_OBJC_MSGSEND = YES;
				ENABLE_TESTABILITY = YES;
				ENABLE_USER_SCRIPT_SANDBOXING = YES;
				GCC_C_LANGUAGE_STANDARD = gnu17;
				GCC_DYNAMIC_NO_PIC = NO;
				GCC_NO_COMMON_BLOCKS = YES;
				GCC_OPTIMIZATION_LEVEL = 0;
				GCC_PREPROCESSOR_DEFINITIONS = (
					"DEBUG=1",
					"$(inherited)",
				);
				GCC_WARN_64_TO_32_BIT_CONVERSION = YES;
				GCC_WARN_ABOUT_RETURN_TYPE = YES_ERROR;
				GCC_WARN_UNDECLARED_SELECTOR = YES;
				GCC_WARN_UNINITIALIZED_AUTOS = YES_AGGRESSIVE;
				GCC_WARN_UNUSED_FUNCTION = YES;
				GCC_WARN_UNUSED_VARIABLE = YES;
				IPHONEOS_DEPLOYMENT_TARGET = 17.4;
				LOCALIZATION_PREFERS_STRING_CATALOGS = YES;
				MTL_ENABLE_DEBUG_INFO = INCLUDE_SOURCE;
				MTL_FAST_MATH = YES;
				ONLY_ACTIVE_ARCH = YES;
				SDKROOT = iphoneos;
				SWIFT_ACTIVE_COMPILATION_CONDITIONS = "DEBUG $(inherited)";
				SWIFT_OPTIMIZATION_LEVEL = "-Onone";
			};
			name = Debug;
		};
		1EAF6ACF2BCA9E700095BC52 /* Release */ = {
			isa = XCBuildConfiguration;
			buildSettings = {
				ALWAYS_SEARCH_USER_PATHS = NO;
				ASSETCATALOG_COMPILER_GENERATE_SWIFT_ASSET_SYMBOL_EXTENSIONS = YES;
				CLANG_ANALYZER_NONNULL = YES;
				CLANG_ANALYZER_NUMBER_OBJECT_CONVERSION = YES_AGGRESSIVE;
				CLANG_CXX_LANGUAGE_STANDARD = "gnu++20";
				CLANG_ENABLE_MODULES = YES;
				CLANG_ENABLE_OBJC_ARC = YES;
				CLANG_ENABLE_OBJC_WEAK = YES;
				CLANG_WARN_BLOCK_CAPTURE_AUTORELEASING = YES;
				CLANG_WARN_BOOL_CONVERSION = YES;
				CLANG_WARN_COMMA = YES;
				CLANG_WARN_CONSTANT_CONVERSION = YES;
				CLANG_WARN_DEPRECATED_OBJC_IMPLEMENTATIONS = YES;
				CLANG_WARN_DIRECT_OBJC_ISA_USAGE = YES_ERROR;
				CLANG_WARN_DOCUMENTATION_COMMENTS = YES;
				CLANG_WARN_EMPTY_BODY = YES;
				CLANG_WARN_ENUM_CONVERSION = YES;
				CLANG_WARN_INFINITE_RECURSION = YES;
				CLANG_WARN_INT_CONVERSION = YES;
				CLANG_WARN_NON_LITERAL_NULL_CONVERSION = YES;
				CLANG_WARN_OBJC_IMPLICIT_RETAIN_SELF = YES;
				CLANG_WARN_OBJC_LITERAL_CONVERSION = YES;
				CLANG_WARN_OBJC_ROOT_CLASS = YES_ERROR;
				CLANG_WARN_QUOTED_INCLUDE_IN_FRAMEWORK_HEADER = YES;
				CLANG_WARN_RANGE_LOOP_ANALYSIS = YES;
				CLANG_WARN_STRICT_PROTOTYPES = YES;
				CLANG_WARN_SUSPICIOUS_MOVE = YES;
				CLANG_WARN_UNGUARDED_AVAILABILITY = YES_AGGRESSIVE;
				CLANG_WARN_UNREACHABLE_CODE = YES;
				CLANG_WARN__DUPLICATE_METHOD_MATCH = YES;
				COPY_PHASE_STRIP = NO;
				DEBUG_INFORMATION_FORMAT = "dwarf-with-dsym";
				ENABLE_NS_ASSERTIONS = NO;
				ENABLE_STRICT_OBJC_MSGSEND = YES;
				ENABLE_USER_SCRIPT_SANDBOXING = YES;
				GCC_C_LANGUAGE_STANDARD = gnu17;
				GCC_NO_COMMON_BLOCKS = YES;
				GCC_WARN_64_TO_32_BIT_CONVERSION = YES;
				GCC_WARN_ABOUT_RETURN_TYPE = YES_ERROR;
				GCC_WARN_UNDECLARED_SELECTOR = YES;
				GCC_WARN_UNINITIALIZED_AUTOS = YES_AGGRESSIVE;
				GCC_WARN_UNUSED_FUNCTION = YES;
				GCC_WARN_UNUSED_VARIABLE = YES;
				IPHONEOS_DEPLOYMENT_TARGET = 17.4;
				LOCALIZATION_PREFERS_STRING_CATALOGS = YES;
				MTL_ENABLE_DEBUG_INFO = NO;
				MTL_FAST_MATH = YES;
				SDKROOT = iphoneos;
				SWIFT_COMPILATION_MODE = wholemodule;
				VALIDATE_PRODUCT = YES;
			};
			name = Release;
		};
		1EAF6AD12BCA9E700095BC52 /* Debug */ = {
			isa = XCBuildConfiguration;
			buildSettings = {
				ASSETCATALOG_COMPILER_APPICON_NAME = AppIcon;
				ASSETCATALOG_COMPILER_GLOBAL_ACCENT_COLOR_NAME = AccentColor;
				CODE_SIGN_STYLE = Automatic;
				CURRENT_PROJECT_VERSION = 1;
				DEVELOPMENT_ASSET_PATHS = "\"BigBangTheory/Preview Content\"";
				DEVELOPMENT_TEAM = TRMHX95KA5;
				ENABLE_PREVIEWS = YES;
				GENERATE_INFOPLIST_FILE = YES;
				INFOPLIST_KEY_UIApplicationSceneManifest_Generation = YES;
				INFOPLIST_KEY_UIApplicationSupportsIndirectInputEvents = YES;
				INFOPLIST_KEY_UILaunchScreen_Generation = YES;
				INFOPLIST_KEY_UISupportedInterfaceOrientations_iPad = "UIInterfaceOrientationPortrait UIInterfaceOrientationPortraitUpsideDown UIInterfaceOrientationLandscapeLeft UIInterfaceOrientationLandscapeRight";
				INFOPLIST_KEY_UISupportedInterfaceOrientations_iPhone = "UIInterfaceOrientationPortrait UIInterfaceOrientationLandscapeLeft UIInterfaceOrientationLandscapeRight";
				LD_RUNPATH_SEARCH_PATHS = (
					"$(inherited)",
					"@executable_path/Frameworks",
				);
				MARKETING_VERSION = 1.0;
				PRODUCT_BUNDLE_IDENTIFIER = com.antoniojimenez.BigBangTheory;
				PRODUCT_NAME = "$(TARGET_NAME)";
				SWIFT_EMIT_LOC_STRINGS = YES;
				SWIFT_VERSION = 5.0;
				TARGETED_DEVICE_FAMILY = "1,2";
			};
			name = Debug;
		};
		1EAF6AD22BCA9E700095BC52 /* Release */ = {
			isa = XCBuildConfiguration;
			buildSettings = {
				ASSETCATALOG_COMPILER_APPICON_NAME = AppIcon;
				ASSETCATALOG_COMPILER_GLOBAL_ACCENT_COLOR_NAME = AccentColor;
				CODE_SIGN_STYLE = Automatic;
				CURRENT_PROJECT_VERSION = 1;
				DEVELOPMENT_ASSET_PATHS = "\"BigBangTheory/Preview Content\"";
				DEVELOPMENT_TEAM = TRMHX95KA5;
				ENABLE_PREVIEWS = YES;
				GENERATE_INFOPLIST_FILE = YES;
				INFOPLIST_KEY_UIApplicationSceneManifest_Generation = YES;
				INFOPLIST_KEY_UIApplicationSupportsIndirectInputEvents = YES;
				INFOPLIST_KEY_UILaunchScreen_Generation = YES;
				INFOPLIST_KEY_UISupportedInterfaceOrientations_iPad = "UIInterfaceOrientationPortrait UIInterfaceOrientationPortraitUpsideDown UIInterfaceOrientationLandscapeLeft UIInterfaceOrientationLandscapeRight";
				INFOPLIST_KEY_UISupportedInterfaceOrientations_iPhone = "UIInterfaceOrientationPortrait UIInterfaceOrientationLandscapeLeft UIInterfaceOrientationLandscapeRight";
				LD_RUNPATH_SEARCH_PATHS = (
					"$(inherited)",
					"@executable_path/Frameworks",
				);
				MARKETING_VERSION = 1.0;
				PRODUCT_BUNDLE_IDENTIFIER = com.antoniojimenez.BigBangTheory;
				PRODUCT_NAME = "$(TARGET_NAME)";
				SWIFT_EMIT_LOC_STRINGS = YES;
				SWIFT_VERSION = 5.0;
				TARGETED_DEVICE_FAMILY = "1,2";
			};
			name = Release;
		};
		1EAF6AD42BCA9E700095BC52 /* Debug */ = {
			isa = XCBuildConfiguration;
			buildSettings = {
				ALWAYS_EMBED_SWIFT_STANDARD_LIBRARIES = YES;
				BUNDLE_LOADER = "$(TEST_HOST)";
				CODE_SIGN_STYLE = Automatic;
				CURRENT_PROJECT_VERSION = 1;
				DEVELOPMENT_TEAM = TRMHX95KA5;
				GENERATE_INFOPLIST_FILE = YES;
				IPHONEOS_DEPLOYMENT_TARGET = 17.4;
				MARKETING_VERSION = 1.0;
				PRODUCT_BUNDLE_IDENTIFIER = com.antoniojimenez.BigBangTheoryTests;
				PRODUCT_NAME = "$(TARGET_NAME)";
				SWIFT_EMIT_LOC_STRINGS = NO;
				SWIFT_VERSION = 5.0;
				TARGETED_DEVICE_FAMILY = "1,2";
				TEST_HOST = "$(BUILT_PRODUCTS_DIR)/BigBangTheory.app/$(BUNDLE_EXECUTABLE_FOLDER_PATH)/BigBangTheory";
			};
			name = Debug;
		};
		1EAF6AD52BCA9E700095BC52 /* Release */ = {
			isa = XCBuildConfiguration;
			buildSettings = {
				ALWAYS_EMBED_SWIFT_STANDARD_LIBRARIES = YES;
				BUNDLE_LOADER = "$(TEST_HOST)";
				CODE_SIGN_STYLE = Automatic;
				CURRENT_PROJECT_VERSION = 1;
				DEVELOPMENT_TEAM = TRMHX95KA5;
				GENERATE_INFOPLIST_FILE = YES;
				IPHONEOS_DEPLOYMENT_TARGET = 17.4;
				MARKETING_VERSION = 1.0;
				PRODUCT_BUNDLE_IDENTIFIER = com.antoniojimenez.BigBangTheoryTests;
				PRODUCT_NAME = "$(TARGET_NAME)";
				SWIFT_EMIT_LOC_STRINGS = NO;
				SWIFT_VERSION = 5.0;
				TARGETED_DEVICE_FAMILY = "1,2";
				TEST_HOST = "$(BUILT_PRODUCTS_DIR)/BigBangTheory.app/$(BUNDLE_EXECUTABLE_FOLDER_PATH)/BigBangTheory";
			};
			name = Release;
		};
		1EAF6AD72BCA9E700095BC52 /* Debug */ = {
			isa = XCBuildConfiguration;
			buildSettings = {
				ALWAYS_EMBED_SWIFT_STANDARD_LIBRARIES = YES;
				CODE_SIGN_STYLE = Automatic;
				CURRENT_PROJECT_VERSION = 1;
				DEVELOPMENT_TEAM = TRMHX95KA5;
				GENERATE_INFOPLIST_FILE = YES;
				MARKETING_VERSION = 1.0;
				PRODUCT_BUNDLE_IDENTIFIER = com.antoniojimenez.BigBangTheoryUITests;
				PRODUCT_NAME = "$(TARGET_NAME)";
				SWIFT_EMIT_LOC_STRINGS = NO;
				SWIFT_VERSION = 5.0;
				TARGETED_DEVICE_FAMILY = "1,2";
				TEST_TARGET_NAME = BigBangTheory;
			};
			name = Debug;
		};
		1EAF6AD82BCA9E700095BC52 /* Release */ = {
			isa = XCBuildConfiguration;
			buildSettings = {
				ALWAYS_EMBED_SWIFT_STANDARD_LIBRARIES = YES;
				CODE_SIGN_STYLE = Automatic;
				CURRENT_PROJECT_VERSION = 1;
				DEVELOPMENT_TEAM = TRMHX95KA5;
				GENERATE_INFOPLIST_FILE = YES;
				MARKETING_VERSION = 1.0;
				PRODUCT_BUNDLE_IDENTIFIER = com.antoniojimenez.BigBangTheoryUITests;
				PRODUCT_NAME = "$(TARGET_NAME)";
				SWIFT_EMIT_LOC_STRINGS = NO;
				SWIFT_VERSION = 5.0;
				TARGETED_DEVICE_FAMILY = "1,2";
				TEST_TARGET_NAME = BigBangTheory;
			};
			name = Release;
		};
/* End XCBuildConfiguration section */

/* Begin XCConfigurationList section */
		1EAF6AA72BCA9E6F0095BC52 /* Build configuration list for PBXProject "BigBangTheory" */ = {
			isa = XCConfigurationList;
			buildConfigurations = (
				1EAF6ACE2BCA9E700095BC52 /* Debug */,
				1EAF6ACF2BCA9E700095BC52 /* Release */,
			);
			defaultConfigurationIsVisible = 0;
			defaultConfigurationName = Release;
		};
		1EAF6AD02BCA9E700095BC52 /* Build configuration list for PBXNativeTarget "BigBangTheory" */ = {
			isa = XCConfigurationList;
			buildConfigurations = (
				1EAF6AD12BCA9E700095BC52 /* Debug */,
				1EAF6AD22BCA9E700095BC52 /* Release */,
			);
			defaultConfigurationIsVisible = 0;
			defaultConfigurationName = Release;
		};
		1EAF6AD32BCA9E700095BC52 /* Build configuration list for PBXNativeTarget "BigBangTheoryTests" */ = {
			isa = XCConfigurationList;
			buildConfigurations = (
				1EAF6AD42BCA9E700095BC52 /* Debug */,
				1EAF6AD52BCA9E700095BC52 /* Release */,
			);
			defaultConfigurationIsVisible = 0;
			defaultConfigurationName = Release;
		};
		1EAF6AD62BCA9E700095BC52 /* Build configuration list for PBXNativeTarget "BigBangTheoryUITests" */ = {
			isa = XCConfigurationList;
			buildConfigurations = (
				1EAF6AD72BCA9E700095BC52 /* Debug */,
				1EAF6AD82BCA9E700095BC52 /* Release */,
			);
			defaultConfigurationIsVisible = 0;
			defaultConfigurationName = Release;
		};
/* End XCConfigurationList section */
	};
	rootObject = 1EAF6AA42BCA9E6F0095BC52 /* Project object */;
}
