// !$*UTF8*$!
{
	archiveVersion = 1;
	classes = {
	};
	objectVersion = 56;
	objects = {

/* Begin PBXBuildFile section */
		1E1295BA2C358E3C00A55024 /* EpisodeReviewVM.swift in Sources */ = {isa = PBXBuildFile; fileRef = 1E1295B92C358E3C00A55024 /* EpisodeReviewVM.swift */; };
		1E3198962BE0124700A8BCBC /* EpisodeInteractor.swift in Sources */ = {isa = PBXBuildFile; fileRef = 1E3198952BE0124700A8BCBC /* EpisodeInteractor.swift */; };
		1E4D901F2BDE680400E52A7F /* TestData.swift in Sources */ = {isa = PBXBuildFile; fileRef = 1E4D901E2BDE680400E52A7F /* TestData.swift */; };
		1E6671762BD687DC00700713 /* DataInteractor.swift in Sources */ = {isa = PBXBuildFile; fileRef = 1E6671752BD687DC00700713 /* DataInteractor.swift */; };
		1E6671782BD6CEAD00700713 /* JsonInteractor.swift in Sources */ = {isa = PBXBuildFile; fileRef = 1E6671772BD6CEAD00700713 /* JsonInteractor.swift */; };
		1EAF6AB02BCA9E6F0095BC52 /* BigBangTheoryApp.swift in Sources */ = {isa = PBXBuildFile; fileRef = 1EAF6AAF2BCA9E6F0095BC52 /* BigBangTheoryApp.swift */; };
		1EAF6AB22BCA9E6F0095BC52 /* EpisodeListView.swift in Sources */ = {isa = PBXBuildFile; fileRef = 1EAF6AB12BCA9E6F0095BC52 /* EpisodeListView.swift */; };
		1EAF6AB42BCA9E700095BC52 /* Assets.xcassets in Resources */ = {isa = PBXBuildFile; fileRef = 1EAF6AB32BCA9E700095BC52 /* Assets.xcassets */; };
		1EAF6AB72BCA9E700095BC52 /* Preview Assets.xcassets in Resources */ = {isa = PBXBuildFile; fileRef = 1EAF6AB62BCA9E700095BC52 /* Preview Assets.xcassets */; };
		1ED123582C2B1EF3007AA216 /* EpisodesVM.swift in Sources */ = {isa = PBXBuildFile; fileRef = 1ED123572C2B1EF3007AA216 /* EpisodesVM.swift */; };
		1ED1235C2C2DED15007AA216 /* EpisodeItem.swift in Sources */ = {isa = PBXBuildFile; fileRef = 1ED1235B2C2DED15007AA216 /* EpisodeItem.swift */; };
		1ED1235E2C2F23C4007AA216 /* EpisodeDetailsView.swift in Sources */ = {isa = PBXBuildFile; fileRef = 1ED1235D2C2F23C4007AA216 /* EpisodeDetailsView.swift */; };
		1EDB74BB2BCEC044004CA574 /* Episode.swift in Sources */ = {isa = PBXBuildFile; fileRef = 1EDB74BA2BCEC044004CA574 /* Episode.swift */; };
		1EDB74BE2BCEE4EF004CA574 /* BigBangTest.json in Resources */ = {isa = PBXBuildFile; fileRef = 1EDB74BC2BCEE4EF004CA574 /* BigBangTest.json */; };
		1EDB74BF2BCEE4EF004CA574 /* BigBang.json in Resources */ = {isa = PBXBuildFile; fileRef = 1EDB74BD2BCEE4EF004CA574 /* BigBang.json */; };
		1EDB74C12BCEE581004CA574 /* EpisodeDTO.swift in Sources */ = {isa = PBXBuildFile; fileRef = 1EDB74C02BCEE581004CA574 /* EpisodeDTO.swift */; };
		1EEE2D762C3EBA5F000594CD /* FavoriteGridView.swift in Sources */ = {isa = PBXBuildFile; fileRef = 1EEE2D752C3EBA5F000594CD /* FavoriteGridView.swift */; };
		1EEE2D782C3EC9A9000594CD /* EpisodeCard.swift in Sources */ = {isa = PBXBuildFile; fileRef = 1EEE2D772C3EC9A9000594CD /* EpisodeCard.swift */; };
		1EEE2D7A2C3F0EEC000594CD /* ContentView.swift in Sources */ = {isa = PBXBuildFile; fileRef = 1EEE2D792C3F0EEC000594CD /* ContentView.swift */; };
		1EEE2D802C5172B8000594CD /* EpisodeDetails2View.swift in Sources */ = {isa = PBXBuildFile; fileRef = 1EEE2D7F2C5172B8000594CD /* EpisodeDetails2View.swift */; };
		1EEE2D822C5173BC000594CD /* EpisodeReviewForm.swift in Sources */ = {isa = PBXBuildFile; fileRef = 1EEE2D812C5173BC000594CD /* EpisodeReviewForm.swift */; };
/* End PBXBuildFile section */

/* Begin PBXFileReference section */
		1E1295B92C358E3C00A55024 /* EpisodeReviewVM.swift */ = {isa = PBXFileReference; lastKnownFileType = sourcecode.swift; path = EpisodeReviewVM.swift; sourceTree = "<group>"; };
		1E3198952BE0124700A8BCBC /* EpisodeInteractor.swift */ = {isa = PBXFileReference; lastKnownFileType = sourcecode.swift; path = EpisodeInteractor.swift; sourceTree = "<group>"; };
		1E4D901E2BDE680400E52A7F /* TestData.swift */ = {isa = PBXFileReference; lastKnownFileType = sourcecode.swift; path = TestData.swift; sourceTree = "<group>"; };
		1E6671752BD687DC00700713 /* DataInteractor.swift */ = {isa = PBXFileReference; lastKnownFileType = sourcecode.swift; path = DataInteractor.swift; sourceTree = "<group>"; };
		1E6671772BD6CEAD00700713 /* JsonInteractor.swift */ = {isa = PBXFileReference; lastKnownFileType = sourcecode.swift; path = JsonInteractor.swift; sourceTree = "<group>"; };
		1EAF6AAC2BCA9E6F0095BC52 /* BigBangTheory.app */ = {isa = PBXFileReference; explicitFileType = wrapper.application; includeInIndex = 0; path = BigBangTheory.app; sourceTree = BUILT_PRODUCTS_DIR; };
		1EAF6AAF2BCA9E6F0095BC52 /* BigBangTheoryApp.swift */ = {isa = PBXFileReference; lastKnownFileType = sourcecode.swift; path = BigBangTheoryApp.swift; sourceTree = "<group>"; };
		1EAF6AB12BCA9E6F0095BC52 /* EpisodeListView.swift */ = {isa = PBXFileReference; lastKnownFileType = sourcecode.swift; path = EpisodeListView.swift; sourceTree = "<group>"; };
		1EAF6AB32BCA9E700095BC52 /* Assets.xcassets */ = {isa = PBXFileReference; lastKnownFileType = folder.assetcatalog; path = Assets.xcassets; sourceTree = "<group>"; };
		1EAF6AB62BCA9E700095BC52 /* Preview Assets.xcassets */ = {isa = PBXFileReference; lastKnownFileType = folder.assetcatalog; path = "Preview Assets.xcassets"; sourceTree = "<group>"; };
		1ED123572C2B1EF3007AA216 /* EpisodesVM.swift */ = {isa = PBXFileReference; lastKnownFileType = sourcecode.swift; path = EpisodesVM.swift; sourceTree = "<group>"; };
		1ED1235B2C2DED15007AA216 /* EpisodeItem.swift */ = {isa = PBXFileReference; lastKnownFileType = sourcecode.swift; path = EpisodeItem.swift; sourceTree = "<group>"; };
		1ED1235D2C2F23C4007AA216 /* EpisodeDetailsView.swift */ = {isa = PBXFileReference; lastKnownFileType = sourcecode.swift; path = EpisodeDetailsView.swift; sourceTree = "<group>"; };
		1ED123602C32C4B6007AA216 /* Impact.ttf */ = {isa = PBXFileReference; lastKnownFileType = file; path = Impact.ttf; sourceTree = "<group>"; };
		1EDB74BA2BCEC044004CA574 /* Episode.swift */ = {isa = PBXFileReference; lastKnownFileType = sourcecode.swift; path = Episode.swift; sourceTree = "<group>"; };
		1EDB74BC2BCEE4EF004CA574 /* BigBangTest.json */ = {isa = PBXFileReference; fileEncoding = 4; lastKnownFileType = text.json; path = BigBangTest.json; sourceTree = "<group>"; };
		1EDB74BD2BCEE4EF004CA574 /* BigBang.json */ = {isa = PBXFileReference; fileEncoding = 4; lastKnownFileType = text.json; path = BigBang.json; sourceTree = "<group>"; };
		1EDB74C02BCEE581004CA574 /* EpisodeDTO.swift */ = {isa = PBXFileReference; lastKnownFileType = sourcecode.swift; path = EpisodeDTO.swift; sourceTree = "<group>"; };
		1EEE2D752C3EBA5F000594CD /* FavoriteGridView.swift */ = {isa = PBXFileReference; lastKnownFileType = sourcecode.swift; path = FavoriteGridView.swift; sourceTree = "<group>"; };
		1EEE2D772C3EC9A9000594CD /* EpisodeCard.swift */ = {isa = PBXFileReference; lastKnownFileType = sourcecode.swift; path = EpisodeCard.swift; sourceTree = "<group>"; };
		1EEE2D792C3F0EEC000594CD /* ContentView.swift */ = {isa = PBXFileReference; lastKnownFileType = sourcecode.swift; path = ContentView.swift; sourceTree = "<group>"; };
		1EEE2D7F2C5172B8000594CD /* EpisodeDetails2View.swift */ = {isa = PBXFileReference; lastKnownFileType = sourcecode.swift; path = EpisodeDetails2View.swift; sourceTree = "<group>"; };
		1EEE2D812C5173BC000594CD /* EpisodeReviewForm.swift */ = {isa = PBXFileReference; lastKnownFileType = sourcecode.swift; path = EpisodeReviewForm.swift; sourceTree = "<group>"; };
/* End PBXFileReference section */

/* Begin PBXFrameworksBuildPhase section */
		1EAF6AA92BCA9E6F0095BC52 /* Frameworks */ = {
			isa = PBXFrameworksBuildPhase;
			buildActionMask = 2147483647;
			files = (
			);
			runOnlyForDeploymentPostprocessing = 0;
		};
/* End PBXFrameworksBuildPhase section */

/* Begin PBXGroup section */
		1EAF6AA32BCA9E6F0095BC52 = {
			isa = PBXGroup;
			children = (
				1EAF6AAE2BCA9E6F0095BC52 /* BigBangTheory */,
				1EAF6AAD2BCA9E6F0095BC52 /* Products */,
			);
			sourceTree = "<group>";
		};
		1EAF6AAD2BCA9E6F0095BC52 /* Products */ = {
			isa = PBXGroup;
			children = (
				1EAF6AAC2BCA9E6F0095BC52 /* BigBangTheory.app */,
			);
			name = Products;
			sourceTree = "<group>";
		};
		1EAF6AAE2BCA9E6F0095BC52 /* BigBangTheory */ = {
			isa = PBXGroup;
			children = (
				1EAF6ADF2BCA9F200095BC52 /* System */,
				1EAF6ADE2BCA9F170095BC52 /* Resources */,
				1EAF6ADD2BCA9F0A0095BC52 /* Model */,
				1EAF6ADC2BCA9EF60095BC52 /* ViewModels */,
				1EAF6ADB2BCA9EED0095BC52 /* Interactor */,
				1EAF6ADA2BCA9EA70095BC52 /* Components */,
				1EAF6AD92BCA9E950095BC52 /* Views */,
				1EAF6AB52BCA9E700095BC52 /* Preview Content */,
			);
			path = BigBangTheory;
			sourceTree = "<group>";
		};
		1EAF6AB52BCA9E700095BC52 /* Preview Content */ = {
			isa = PBXGroup;
			children = (
				1EDB74BC2BCEE4EF004CA574 /* BigBangTest.json */,
				1EAF6AB62BCA9E700095BC52 /* Preview Assets.xcassets */,
				1E4D901E2BDE680400E52A7F /* TestData.swift */,
			);
			path = "Preview Content";
			sourceTree = "<group>";
		};
		1EAF6AD92BCA9E950095BC52 /* Views */ = {
			isa = PBXGroup;
			children = (
				1EEE2D792C3F0EEC000594CD /* ContentView.swift */,
				1EAF6AB12BCA9E6F0095BC52 /* EpisodeListView.swift */,
				1EEE2D752C3EBA5F000594CD /* FavoriteGridView.swift */,
				1ED1235D2C2F23C4007AA216 /* EpisodeDetailsView.swift */,
				1EEE2D7F2C5172B8000594CD /* EpisodeDetails2View.swift */,
			);
			name = Views;
			sourceTree = "<group>";
		};
		1EAF6ADA2BCA9EA70095BC52 /* Components */ = {
			isa = PBXGroup;
			children = (
				1EEE2D812C5173BC000594CD /* EpisodeReviewForm.swift */,
				1ED1235B2C2DED15007AA216 /* EpisodeItem.swift */,
				1EEE2D772C3EC9A9000594CD /* EpisodeCard.swift */,
			);
			name = Components;
			sourceTree = "<group>";
		};
		1EAF6ADB2BCA9EED0095BC52 /* Interactor */ = {
			isa = PBXGroup;
			children = (
				1E6671752BD687DC00700713 /* DataInteractor.swift */,
				1E6671772BD6CEAD00700713 /* JsonInteractor.swift */,
				1E3198952BE0124700A8BCBC /* EpisodeInteractor.swift */,
			);
			name = Interactor;
			sourceTree = "<group>";
		};
		1EAF6ADC2BCA9EF60095BC52 /* ViewModels */ = {
			isa = PBXGroup;
			children = (
				1ED123572C2B1EF3007AA216 /* EpisodesVM.swift */,
				1E1295B92C358E3C00A55024 /* EpisodeReviewVM.swift */,
			);
			name = ViewModels;
			sourceTree = "<group>";
		};
		1EAF6ADD2BCA9F0A0095BC52 /* Model */ = {
			isa = PBXGroup;
			children = (
				1EDB74BA2BCEC044004CA574 /* Episode.swift */,
				1EDB74C02BCEE581004CA574 /* EpisodeDTO.swift */,
			);
			name = Model;
			sourceTree = "<group>";
		};
		1EAF6ADE2BCA9F170095BC52 /* Resources */ = {
			isa = PBXGroup;
			children = (
				1ED123602C32C4B6007AA216 /* Impact.ttf */,
				1EDB74BD2BCEE4EF004CA574 /* BigBang.json */,
			);
			name = Resources;
			sourceTree = "<group>";
		};
		1EAF6ADF2BCA9F200095BC52 /* System */ = {
			isa = PBXGroup;
			children = (
				1EAF6AAF2BCA9E6F0095BC52 /* BigBangTheoryApp.swift */,
				1EAF6AB32BCA9E700095BC52 /* Assets.xcassets */,
			);
			name = System;
			sourceTree = "<group>";
		};
/* End PBXGroup section */

/* Begin PBXNativeTarget section */
		1EAF6AAB2BCA9E6F0095BC52 /* BigBangTheory */ = {
			isa = PBXNativeTarget;
			buildConfigurationList = 1EAF6AD02BCA9E700095BC52 /* Build configuration list for PBXNativeTarget "BigBangTheory" */;
			buildPhases = (
				1EAF6AA82BCA9E6F0095BC52 /* Sources */,
				1EAF6AA92BCA9E6F0095BC52 /* Frameworks */,
				1EAF6AAA2BCA9E6F0095BC52 /* Resources */,
			);
			buildRules = (
			);
			dependencies = (
			);
			name = BigBangTheory;
			productName = BigBangTheory;
			productReference = 1EAF6AAC2BCA9E6F0095BC52 /* BigBangTheory.app */;
			productType = "com.apple.product-type.application";
		};
/* End PBXNativeTarget section */

/* Begin PBXProject section */
		1EAF6AA42BCA9E6F0095BC52 /* Project object */ = {
			isa = PBXProject;
			attributes = {
				BuildIndependentTargetsInParallel = 1;
				LastSwiftUpdateCheck = 1530;
				LastUpgradeCheck = 1530;
				TargetAttributes = {
					1EAF6AAB2BCA9E6F0095BC52 = {
						CreatedOnToolsVersion = 15.3;
					};
				};
			};
			buildConfigurationList = 1EAF6AA72BCA9E6F0095BC52 /* Build configuration list for PBXProject "BigBangTheory" */;
			compatibilityVersion = "Xcode 14.0";
			developmentRegion = en;
			hasScannedForEncodings = 0;
			knownRegions = (
				en,
				Base,
			);
			mainGroup = 1EAF6AA32BCA9E6F0095BC52;
			productRefGroup = 1EAF6AAD2BCA9E6F0095BC52 /* Products */;
			projectDirPath = "";
			projectRoot = "";
			targets = (
				1EAF6AAB2BCA9E6F0095BC52 /* BigBangTheory */,
			);
		};
/* End PBXProject section */

/* Begin PBXResourcesBuildPhase section */
		1EAF6AAA2BCA9E6F0095BC52 /* Resources */ = {
			isa = PBXResourcesBuildPhase;
			buildActionMask = 2147483647;
			files = (
				1EAF6AB72BCA9E700095BC52 /* Preview Assets.xcassets in Resources */,
				1EAF6AB42BCA9E700095BC52 /* Assets.xcassets in Resources */,
				1EDB74BF2BCEE4EF004CA574 /* BigBang.json in Resources */,
				1EDB74BE2BCEE4EF004CA574 /* BigBangTest.json in Resources */,
			);
			runOnlyForDeploymentPostprocessing = 0;
		};
/* End PBXResourcesBuildPhase section */

/* Begin PBXSourcesBuildPhase section */
		1EAF6AA82BCA9E6F0095BC52 /* Sources */ = {
			isa = PBXSourcesBuildPhase;
			buildActionMask = 2147483647;
			files = (
				1EEE2D802C5172B8000594CD /* EpisodeDetails2View.swift in Sources */,
				1ED1235C2C2DED15007AA216 /* EpisodeItem.swift in Sources */,
				1E6671762BD687DC00700713 /* DataInteractor.swift in Sources */,
				1EAF6AB22BCA9E6F0095BC52 /* EpisodeListView.swift in Sources */,
				1ED1235E2C2F23C4007AA216 /* EpisodeDetailsView.swift in Sources */,
				1EDB74BB2BCEC044004CA574 /* Episode.swift in Sources */,
				1EEE2D782C3EC9A9000594CD /* EpisodeCard.swift in Sources */,
				1EEE2D822C5173BC000594CD /* EpisodeReviewForm.swift in Sources */,
				1ED123582C2B1EF3007AA216 /* EpisodesVM.swift in Sources */,
				1E1295BA2C358E3C00A55024 /* EpisodeReviewVM.swift in Sources */,
				1EAF6AB02BCA9E6F0095BC52 /* BigBangTheoryApp.swift in Sources */,
				1E6671782BD6CEAD00700713 /* JsonInteractor.swift in Sources */,
				1E4D901F2BDE680400E52A7F /* TestData.swift in Sources */,
				1EEE2D7A2C3F0EEC000594CD /* ContentView.swift in Sources */,
				1EEE2D762C3EBA5F000594CD /* FavoriteGridView.swift in Sources */,
				1E3198962BE0124700A8BCBC /* EpisodeInteractor.swift in Sources */,
				1EDB74C12BCEE581004CA574 /* EpisodeDTO.swift in Sources */,
			);
			runOnlyForDeploymentPostprocessing = 0;
		};
/* End PBXSourcesBuildPhase section */

/* Begin XCBuildConfiguration section */
		1EAF6ACE2BCA9E700095BC52 /* Debug */ = {
			isa = XCBuildConfiguration;
			buildSettings = {
				ALWAYS_SEARCH_USER_PATHS = NO;
				ASSETCATALOG_COMPILER_GENERATE_SWIFT_ASSET_SYMBOL_EXTENSIONS = YES;
				CLANG_ANALYZER_NONNULL = YES;
				CLANG_ANALYZER_NUMBER_OBJECT_CONVERSION = YES_AGGRESSIVE;
				CLANG_CXX_LANGUAGE_STANDARD = "gnu++20";
				CLANG_ENABLE_MODULES = YES;
				CLANG_ENABLE_OBJC_ARC = YES;
				CLANG_ENABLE_OBJC_WEAK = YES;
				CLANG_WARN_BLOCK_CAPTURE_AUTORELEASING = YES;
				CLANG_WARN_BOOL_CONVERSION = YES;
				CLANG_WARN_COMMA = YES;
				CLANG_WARN_CONSTANT_CONVERSION = YES;
				CLANG_WARN_DEPRECATED_OBJC_IMPLEMENTATIONS = YES;
				CLANG_WARN_DIRECT_OBJC_ISA_USAGE = YES_ERROR;
				CLANG_WARN_DOCUMENTATION_COMMENTS = YES;
				CLANG_WARN_EMPTY_BODY = YES;
				CLANG_WARN_ENUM_CONVERSION = YES;
				CLANG_WARN_INFINITE_RECURSION = YES;
				CLANG_WARN_INT_CONVERSION = YES;
				CLANG_WARN_NON_LITERAL_NULL_CONVERSION = YES;
				CLANG_WARN_OBJC_IMPLICIT_RETAIN_SELF = YES;
				CLANG_WARN_OBJC_LITERAL_CONVERSION = YES;
				CLANG_WARN_OBJC_ROOT_CLASS = YES_ERROR;
				CLANG_WARN_QUOTED_INCLUDE_IN_FRAMEWORK_HEADER = YES;
				CLANG_WARN_RANGE_LOOP_ANALYSIS = YES;
				CLANG_WARN_STRICT_PROTOTYPES = YES;
				CLANG_WARN_SUSPICIOUS_MOVE = YES;
				CLANG_WARN_UNGUARDED_AVAILABILITY = YES_AGGRESSIVE;
				CLANG_WARN_UNREACHABLE_CODE = YES;
				CLANG_WARN__DUPLICATE_METHOD_MATCH = YES;
				COPY_PHASE_STRIP = NO;
				DEBUG_INFORMATION_FORMAT = dwarf;
				ENABLE_STRICT_OBJC_MSGSEND = YES;
				ENABLE_TESTABILITY = YES;
				ENABLE_USER_SCRIPT_SANDBOXING = YES;
				GCC_C_LANGUAGE_STANDARD = gnu17;
				GCC_DYNAMIC_NO_PIC = NO;
				GCC_NO_COMMON_BLOCKS = YES;
				GCC_OPTIMIZATION_LEVEL = 0;
				GCC_PREPROCESSOR_DEFINITIONS = (
					"DEBUG=1",
					"$(inherited)",
				);
				GCC_WARN_64_TO_32_BIT_CONVERSION = YES;
				GCC_WARN_ABOUT_RETURN_TYPE = YES_ERROR;
				GCC_WARN_UNDECLARED_SELECTOR = YES;
				GCC_WARN_UNINITIALIZED_AUTOS = YES_AGGRESSIVE;
				GCC_WARN_UNUSED_FUNCTION = YES;
				GCC_WARN_UNUSED_VARIABLE = YES;
				IPHONEOS_DEPLOYMENT_TARGET = 17.4;
				LOCALIZATION_PREFERS_STRING_CATALOGS = YES;
				MTL_ENABLE_DEBUG_INFO = INCLUDE_SOURCE;
				MTL_FAST_MATH = YES;
				ONLY_ACTIVE_ARCH = YES;
				SDKROOT = iphoneos;
				SWIFT_ACTIVE_COMPILATION_CONDITIONS = "DEBUG $(inherited)";
				SWIFT_OPTIMIZATION_LEVEL = "-Onone";
			};
			name = Debug;
		};
		1EAF6ACF2BCA9E700095BC52 /* Release */ = {
			isa = XCBuildConfiguration;
			buildSettings = {
				ALWAYS_SEARCH_USER_PATHS = NO;
				ASSETCATALOG_COMPILER_GENERATE_SWIFT_ASSET_SYMBOL_EXTENSIONS = YES;
				CLANG_ANALYZER_NONNULL = YES;
				CLANG_ANALYZER_NUMBER_OBJECT_CONVERSION = YES_AGGRESSIVE;
				CLANG_CXX_LANGUAGE_STANDARD = "gnu++20";
				CLANG_ENABLE_MODULES = YES;
				CLANG_ENABLE_OBJC_ARC = YES;
				CLANG_ENABLE_OBJC_WEAK = YES;
				CLANG_WARN_BLOCK_CAPTURE_AUTORELEASING = YES;
				CLANG_WARN_BOOL_CONVERSION = YES;
				CLANG_WARN_COMMA = YES;
				CLANG_WARN_CONSTANT_CONVERSION = YES;
				CLANG_WARN_DEPRECATED_OBJC_IMPLEMENTATIONS = YES;
				CLANG_WARN_DIRECT_OBJC_ISA_USAGE = YES_ERROR;
				CLANG_WARN_DOCUMENTATION_COMMENTS = YES;
				CLANG_WARN_EMPTY_BODY = YES;
				CLANG_WARN_ENUM_CONVERSION = YES;
				CLANG_WARN_INFINITE_RECURSION = YES;
				CLANG_WARN_INT_CONVERSION = YES;
				CLANG_WARN_NON_LITERAL_NULL_CONVERSION = YES;
				CLANG_WARN_OBJC_IMPLICIT_RETAIN_SELF = YES;
				CLANG_WARN_OBJC_LITERAL_CONVERSION = YES;
				CLANG_WARN_OBJC_ROOT_CLASS = YES_ERROR;
				CLANG_WARN_QUOTED_INCLUDE_IN_FRAMEWORK_HEADER = YES;
				CLANG_WARN_RANGE_LOOP_ANALYSIS = YES;
				CLANG_WARN_STRICT_PROTOTYPES = YES;
				CLANG_WARN_SUSPICIOUS_MOVE = YES;
				CLANG_WARN_UNGUARDED_AVAILABILITY = YES_AGGRESSIVE;
				CLANG_WARN_UNREACHABLE_CODE = YES;
				CLANG_WARN__DUPLICATE_METHOD_MATCH = YES;
				COPY_PHASE_STRIP = NO;
				DEBUG_INFORMATION_FORMAT = "dwarf-with-dsym";
				ENABLE_NS_ASSERTIONS = NO;
				ENABLE_STRICT_OBJC_MSGSEND = YES;
				ENABLE_USER_SCRIPT_SANDBOXING = YES;
				GCC_C_LANGUAGE_STANDARD = gnu17;
				GCC_NO_COMMON_BLOCKS = YES;
				GCC_WARN_64_TO_32_BIT_CONVERSION = YES;
				GCC_WARN_ABOUT_RETURN_TYPE = YES_ERROR;
				GCC_WARN_UNDECLARED_SELECTOR = YES;
				GCC_WARN_UNINITIALIZED_AUTOS = YES_AGGRESSIVE;
				GCC_WARN_UNUSED_FUNCTION = YES;
				GCC_WARN_UNUSED_VARIABLE = YES;
				IPHONEOS_DEPLOYMENT_TARGET = 17.4;
				LOCALIZATION_PREFERS_STRING_CATALOGS = YES;
				MTL_ENABLE_DEBUG_INFO = NO;
				MTL_FAST_MATH = YES;
				SDKROOT = iphoneos;
				SWIFT_COMPILATION_MODE = wholemodule;
				VALIDATE_PRODUCT = YES;
			};
			name = Release;
		};
		1EAF6AD12BCA9E700095BC52 /* Debug */ = {
			isa = XCBuildConfiguration;
			buildSettings = {
				ASSETCATALOG_COMPILER_APPICON_NAME = AppIcon;
				ASSETCATALOG_COMPILER_GLOBAL_ACCENT_COLOR_NAME = AccentColor;
				CODE_SIGN_STYLE = Automatic;
				CURRENT_PROJECT_VERSION = 1;
				DEVELOPMENT_ASSET_PATHS = "\"BigBangTheory/Preview Content\"";
				DEVELOPMENT_TEAM = TRMHX95KA5;
				ENABLE_PREVIEWS = YES;
				GENERATE_INFOPLIST_FILE = YES;
				INFOPLIST_KEY_UIApplicationSceneManifest_Generation = YES;
				INFOPLIST_KEY_UIApplicationSupportsIndirectInputEvents = YES;
				INFOPLIST_KEY_UILaunchScreen_Generation = YES;
				INFOPLIST_KEY_UISupportedInterfaceOrientations_iPad = "UIInterfaceOrientationPortrait UIInterfaceOrientationPortraitUpsideDown UIInterfaceOrientationLandscapeLeft UIInterfaceOrientationLandscapeRight";
				INFOPLIST_KEY_UISupportedInterfaceOrientations_iPhone = "UIInterfaceOrientationPortrait UIInterfaceOrientationLandscapeLeft UIInterfaceOrientationLandscapeRight";
				LD_RUNPATH_SEARCH_PATHS = (
					"$(inherited)",
					"@executable_path/Frameworks",
				);
				MARKETING_VERSION = 1.0;
				PRODUCT_BUNDLE_IDENTIFIER = com.antoniojimenez.BigBangTheory;
				PRODUCT_NAME = "$(TARGET_NAME)";
				SWIFT_EMIT_LOC_STRINGS = YES;
				SWIFT_VERSION = 5.0;
				TARGETED_DEVICE_FAMILY = "1,2";
			};
			name = Debug;
		};
		1EAF6AD22BCA9E700095BC52 /* Release */ = {
			isa = XCBuildConfiguration;
			buildSettings = {
				ASSETCATALOG_COMPILER_APPICON_NAME = AppIcon;
				ASSETCATALOG_COMPILER_GLOBAL_ACCENT_COLOR_NAME = AccentColor;
				CODE_SIGN_STYLE = Automatic;
				CURRENT_PROJECT_VERSION = 1;
				DEVELOPMENT_ASSET_PATHS = "\"BigBangTheory/Preview Content\"";
				DEVELOPMENT_TEAM = TRMHX95KA5;
				ENABLE_PREVIEWS = YES;
				GENERATE_INFOPLIST_FILE = YES;
				INFOPLIST_KEY_UIApplicationSceneManifest_Generation = YES;
				INFOPLIST_KEY_UIApplicationSupportsIndirectInputEvents = YES;
				INFOPLIST_KEY_UILaunchScreen_Generation = YES;
				INFOPLIST_KEY_UISupportedInterfaceOrientations_iPad = "UIInterfaceOrientationPortrait UIInterfaceOrientationPortraitUpsideDown UIInterfaceOrientationLandscapeLeft UIInterfaceOrientationLandscapeRight";
				INFOPLIST_KEY_UISupportedInterfaceOrientations_iPhone = "UIInterfaceOrientationPortrait UIInterfaceOrientationLandscapeLeft UIInterfaceOrientationLandscapeRight";
				LD_RUNPATH_SEARCH_PATHS = (
					"$(inherited)",
					"@executable_path/Frameworks",
				);
				MARKETING_VERSION = 1.0;
				PRODUCT_BUNDLE_IDENTIFIER = com.antoniojimenez.BigBangTheory;
				PRODUCT_NAME = "$(TARGET_NAME)";
				SWIFT_EMIT_LOC_STRINGS = YES;
				SWIFT_VERSION = 5.0;
				TARGETED_DEVICE_FAMILY = "1,2";
			};
			name = Release;
		};
/* End XCBuildConfiguration section */

/* Begin XCConfigurationList section */
		1EAF6AA72BCA9E6F0095BC52 /* Build configuration list for PBXProject "BigBangTheory" */ = {
			isa = XCConfigurationList;
			buildConfigurations = (
				1EAF6ACE2BCA9E700095BC52 /* Debug */,
				1EAF6ACF2BCA9E700095BC52 /* Release */,
			);
			defaultConfigurationIsVisible = 0;
			defaultConfigurationName = Release;
		};
		1EAF6AD02BCA9E700095BC52 /* Build configuration list for PBXNativeTarget "BigBangTheory" */ = {
			isa = XCConfigurationList;
			buildConfigurations = (
				1EAF6AD12BCA9E700095BC52 /* Debug */,
				1EAF6AD22BCA9E700095BC52 /* Release */,
			);
			defaultConfigurationIsVisible = 0;
			defaultConfigurationName = Release;
		};
/* End XCConfigurationList section */
	};
	rootObject = 1EAF6AA42BCA9E6F0095BC52 /* Project object */;
}
